
Microsoft Visual Studio Solution File, Format Version 12.00
# Visual Studio Version 17
VisualStudioVersion = 17.9.34607.119
MinimumVisualStudioVersion = 10.0.40219.1
Project("{FAE04EC0-301F-11D3-BF4B-00C04F79EFBC}") = "tabla1.1", "tabla1.1.csproj", "{FC0A8656-6524-41AC-8B8F-4C2A5F85846F}"
EndProject
Global
	GlobalSection(SolutionConfigurationPlatforms) = preSolution
		Debug|Any CPU = Debug|Any CPU
		Release|Any CPU = Release|Any CPU
	EndGlobalSection
	GlobalSection(ProjectConfigurationPlatforms) = postSolution
		{FC0A8656-6524-41AC-8B8F-4C2A5F85846F}.Debug|Any CPU.ActiveCfg = Debug|Any CPU
		{FC0A8656-6524-41AC-8B8F-4C2A5F85846F}.Debug|Any CPU.Build.0 = Debug|Any CPU
		{FC0A8656-6524-41AC-8B8F-4C2A5F85846F}.Release|Any CPU.ActiveCfg = Release|Any CPU
		{FC0A8656-6524-41AC-8B8F-4C2A5F85846F}.Release|Any CPU.Build.0 = Release|Any CPU
	EndGlobalSection
	GlobalSection(SolutionProperties) = preSolution
		HideSolutionNode = FALSE
	EndGlobalSection
	GlobalSection(ExtensibilityGlobals) = postSolution
		SolutionGuid = {F7F93DA2-56E2-4DEE-BA35-F3D0029C2B02}
	EndGlobalSection
EndGlobal
